// !$*UTF8*$!
{
	archiveVersion = 1;
	classes = {
	};
	objectVersion = 50;
	objects = {

/* Begin PBXBuildFile section */
		ADD353FA21CC7BC100C6BF35 /* AppDelegate.swift in Sources */ = {isa = PBXBuildFile; fileRef = ADD353F921CC7BC100C6BF35 /* AppDelegate.swift */; };
		ADD353FC21CC7BC100C6BF35 /* MasterViewController.swift in Sources */ = {isa = PBXBuildFile; fileRef = ADD353FB21CC7BC100C6BF35 /* MasterViewController.swift */; };
		ADD353FE21CC7BC100C6BF35 /* ImagePresentationVC.swift in Sources */ = {isa = PBXBuildFile; fileRef = ADD353FD21CC7BC100C6BF35 /* ImagePresentationVC.swift */; };
		ADD3540121CC7BC100C6BF35 /* Main.storyboard in Resources */ = {isa = PBXBuildFile; fileRef = ADD353FF21CC7BC100C6BF35 /* Main.storyboard */; };
		ADD3540321CC7BC200C6BF35 /* Assets.xcassets in Resources */ = {isa = PBXBuildFile; fileRef = ADD3540221CC7BC200C6BF35 /* Assets.xcassets */; };
		ADD3540621CC7BC200C6BF35 /* LaunchScreen.storyboard in Resources */ = {isa = PBXBuildFile; fileRef = ADD3540421CC7BC200C6BF35 /* LaunchScreen.storyboard */; };
		ADD3540E21CC853000C6BF35 /* Images+Names+Colors.swift in Sources */ = {isa = PBXBuildFile; fileRef = ADD3540D21CC853000C6BF35 /* Images+Names+Colors.swift */; };
/* End PBXBuildFile section */

/* Begin PBXFileReference section */
		ADD353F621CC7BC100C6BF35 /* split.app */ = {isa = PBXFileReference; explicitFileType = wrapper.application; includeInIndex = 0; path = split.app; sourceTree = BUILT_PRODUCTS_DIR; };
		ADD353F921CC7BC100C6BF35 /* AppDelegate.swift */ = {isa = PBXFileReference; lastKnownFileType = sourcecode.swift; path = AppDelegate.swift; sourceTree = "<group>"; };
		ADD353FB21CC7BC100C6BF35 /* MasterViewController.swift */ = {isa = PBXFileReference; lastKnownFileType = sourcecode.swift; path = MasterViewController.swift; sourceTree = "<group>"; };
		ADD353FD21CC7BC100C6BF35 /* ImagePresentationVC.swift */ = {isa = PBXFileReference; lastKnownFileType = sourcecode.swift; path = ImagePresentationVC.swift; sourceTree = "<group>"; };
		ADD3540021CC7BC100C6BF35 /* Base */ = {isa = PBXFileReference; lastKnownFileType = file.storyboard; name = Base; path = Base.lproj/Main.storyboard; sourceTree = "<group>"; };
		ADD3540221CC7BC200C6BF35 /* Assets.xcassets */ = {isa = PBXFileReference; lastKnownFileType = folder.assetcatalog; path = Assets.xcassets; sourceTree = "<group>"; };
		ADD3540521CC7BC200C6BF35 /* Base */ = {isa = PBXFileReference; lastKnownFileType = file.storyboard; name = Base; path = Base.lproj/LaunchScreen.storyboard; sourceTree = "<group>"; };
		ADD3540721CC7BC200C6BF35 /* Info.plist */ = {isa = PBXFileReference; lastKnownFileType = text.plist.xml; path = Info.plist; sourceTree = "<group>"; };
		ADD3540D21CC853000C6BF35 /* Images+Names+Colors.swift */ = {isa = PBXFileReference; lastKnownFileType = sourcecode.swift; path = "Images+Names+Colors.swift"; sourceTree = "<group>"; };
/* End PBXFileReference section */

/* Begin PBXFrameworksBuildPhase section */
		ADD353F321CC7BC100C6BF35 /* Frameworks */ = {
			isa = PBXFrameworksBuildPhase;
			buildActionMask = 2147483647;
			files = (
			);
			runOnlyForDeploymentPostprocessing = 0;
		};
/* End PBXFrameworksBuildPhase section */

/* Begin PBXGroup section */
		ADD353ED21CC7BC100C6BF35 = {
			isa = PBXGroup;
			children = (
				ADD353F821CC7BC100C6BF35 /* split */,
				ADD353F721CC7BC100C6BF35 /* Products */,
			);
			sourceTree = "<group>";
		};
		ADD353F721CC7BC100C6BF35 /* Products */ = {
			isa = PBXGroup;
			children = (
				ADD353F621CC7BC100C6BF35 /* split.app */,
			);
			name = Products;
			sourceTree = "<group>";
		};
		ADD353F821CC7BC100C6BF35 /* split */ = {
			isa = PBXGroup;
			children = (
				ADD353F921CC7BC100C6BF35 /* AppDelegate.swift */,
				ADD353FB21CC7BC100C6BF35 /* MasterViewController.swift */,
				ADD353FD21CC7BC100C6BF35 /* ImagePresentationVC.swift */,
				ADD353FF21CC7BC100C6BF35 /* Main.storyboard */,
				ADD3540221CC7BC200C6BF35 /* Assets.xcassets */,
				ADD3540D21CC853000C6BF35 /* Images+Names+Colors.swift */,
				ADD3540421CC7BC200C6BF35 /* LaunchScreen.storyboard */,
				ADD3540721CC7BC200C6BF35 /* Info.plist */,
			);
			path = split;
			sourceTree = "<group>";
		};
/* End PBXGroup section */

/* Begin PBXNativeTarget section */
		ADD353F521CC7BC100C6BF35 /* split */ = {
			isa = PBXNativeTarget;
			buildConfigurationList = ADD3540A21CC7BC200C6BF35 /* Build configuration list for PBXNativeTarget "split" */;
			buildPhases = (
				ADD353F221CC7BC100C6BF35 /* Sources */,
				ADD353F321CC7BC100C6BF35 /* Frameworks */,
				ADD353F421CC7BC100C6BF35 /* Resources */,
			);
			buildRules = (
			);
			dependencies = (
			);
			name = split;
			productName = split;
			productReference = ADD353F621CC7BC100C6BF35 /* split.app */;
			productType = "com.apple.product-type.application";
		};
/* End PBXNativeTarget section */

/* Begin PBXProject section */
		ADD353EE21CC7BC100C6BF35 /* Project object */ = {
			isa = PBXProject;
			attributes = {
				LastSwiftUpdateCheck = 1010;
				LastUpgradeCheck = 1010;
				ORGANIZATIONNAME = "Ahmed Sengab";
				TargetAttributes = {
					ADD353F521CC7BC100C6BF35 = {
						CreatedOnToolsVersion = 10.1;
					};
				};
			};
			buildConfigurationList = ADD353F121CC7BC100C6BF35 /* Build configuration list for PBXProject "split" */;
			compatibilityVersion = "Xcode 9.3";
			developmentRegion = en;
			hasScannedForEncodings = 0;
			knownRegions = (
				en,
				Base,
			);
			mainGroup = ADD353ED21CC7BC100C6BF35;
			productRefGroup = ADD353F721CC7BC100C6BF35 /* Products */;
			projectDirPath = "";
			projectRoot = "";
			targets = (
				ADD353F521CC7BC100C6BF35 /* split */,
			);
		};
/* End PBXProject section */

/* Begin PBXResourcesBuildPhase section */
		ADD353F421CC7BC100C6BF35 /* Resources */ = {
			isa = PBXResourcesBuildPhase;
			buildActionMask = 2147483647;
			files = (
				ADD3540621CC7BC200C6BF35 /* LaunchScreen.storyboard in Resources */,
				ADD3540321CC7BC200C6BF35 /* Assets.xcassets in Resources */,
				ADD3540121CC7BC100C6BF35 /* Main.storyboard in Resources */,
			);
			runOnlyForDeploymentPostprocessing = 0;
		};
/* End PBXResourcesBuildPhase section */

/* Begin PBXSourcesBuildPhase section */
		ADD353F221CC7BC100C6BF35 /* Sources */ = {
			isa = PBXSourcesBuildPhase;
			buildActionMask = 2147483647;
			files = (
				ADD353FE21CC7BC100C6BF35 /* ImagePresentationVC.swift in Sources */,
				ADD353FC21CC7BC100C6BF35 /* MasterViewController.swift in Sources */,
				ADD3540E21CC853000C6BF35 /* Images+Names+Colors.swift in Sources */,
				ADD353FA21CC7BC100C6BF35 /* AppDelegate.swift in Sources */,
			);
			runOnlyForDeploymentPostprocessing = 0;
		};
/* End PBXSourcesBuildPhase section */

/* Begin PBXVariantGroup section */
		ADD353FF21CC7BC100C6BF35 /* Main.storyboard */ = {
			isa = PBXVariantGroup;
			children = (
				ADD3540021CC7BC100C6BF35 /* Base */,
			);
			name = Main.storyboard;
			sourceTree = "<group>";
		};
		ADD3540421CC7BC200C6BF35 /* LaunchScreen.storyboard */ = {
			isa = PBXVariantGroup;
			children = (
				ADD3540521CC7BC200C6BF35 /* Base */,
			);
			name = LaunchScreen.storyboard;
			sourceTree = "<group>";
		};
/* End PBXVariantGroup section */

/* Begin XCBuildConfiguration section */
		ADD3540821CC7BC200C6BF35 /* Debug */ = {
			isa = XCBuildConfiguration;
			buildSettings = {
				ALWAYS_SEARCH_USER_PATHS = NO;
				CLANG_ANALYZER_NONNULL = YES;
				CLANG_ANALYZER_NUMBER_OBJECT_CONVERSION = YES_AGGRESSIVE;
				CLANG_CXX_LANGUAGE_STANDARD = "gnu++14";
				CLANG_CXX_LIBRARY = "libc++";
				CLANG_ENABLE_MODULES = YES;
				CLANG_ENABLE_OBJC_ARC = YES;
				CLANG_ENABLE_OBJC_WEAK = YES;
				CLANG_WARN_BLOCK_CAPTURE_AUTORELEASING = YES;
				CLANG_WARN_BOOL_CONVERSION = YES;
				CLANG_WARN_COMMA = YES;
				CLANG_WARN_CONSTANT_CONVERSION = YES;
				CLANG_WARN_DEPRECATED_OBJC_IMPLEMENTATIONS = YES;
				CLANG_WARN_DIRECT_OBJC_ISA_USAGE = YES_ERROR;
				CLANG_WARN_DOCUMENTATION_COMMENTS = YES;
				CLANG_WARN_EMPTY_BODY = YES;
				CLANG_WARN_ENUM_CONVERSION = YES;
				CLANG_WARN_INFINITE_RECURSION = YES;
				CLANG_WARN_INT_CONVERSION = YES;
				CLANG_WARN_NON_LITERAL_NULL_CONVERSION = YES;
				CLANG_WARN_OBJC_IMPLICIT_RETAIN_SELF = YES;
				CLANG_WARN_OBJC_LITERAL_CONVERSION = YES;
				CLANG_WARN_OBJC_ROOT_CLASS = YES_ERROR;
				CLANG_WARN_RANGE_LOOP_ANALYSIS = YES;
				CLANG_WARN_STRICT_PROTOTYPES = YES;
				CLANG_WARN_SUSPICIOUS_MOVE = YES;
				CLANG_WARN_UNGUARDED_AVAILABILITY = YES_AGGRESSIVE;
				CLANG_WARN_UNREACHABLE_CODE = YES;
				CLANG_WARN__DUPLICATE_METHOD_MATCH = YES;
				CODE_SIGN_IDENTITY = "iPhone Developer";
				COPY_PHASE_STRIP = NO;
				DEBUG_INFORMATION_FORMAT = dwarf;
				ENABLE_STRICT_OBJC_MSGSEND = YES;
				ENABLE_TESTABILITY = YES;
				GCC_C_LANGUAGE_STANDARD = gnu11;
				GCC_DYNAMIC_NO_PIC = NO;
				GCC_NO_COMMON_BLOCKS = YES;
				GCC_OPTIMIZATION_LEVEL = 0;
				GCC_PREPROCESSOR_DEFINITIONS = (
					"DEBUG=1",
					"$(inherited)",
				);
				GCC_WARN_64_TO_32_BIT_CONVERSION = YES;
				GCC_WARN_ABOUT_RETURN_TYPE = YES_ERROR;
				GCC_WARN_UNDECLARED_SELECTOR = YES;
				GCC_WARN_UNINITIALIZED_AUTOS = YES_AGGRESSIVE;
				GCC_WARN_UNUSED_FUNCTION = YES;
				GCC_WARN_UNUSED_VARIABLE = YES;
				IPHONEOS_DEPLOYMENT_TARGET = 12.1;
				MTL_ENABLE_DEBUG_INFO = INCLUDE_SOURCE;
				MTL_FAST_MATH = YES;
				ONLY_ACTIVE_ARCH = YES;
				SDKROOT = iphoneos;
				SWIFT_ACTIVE_COMPILATION_CONDITIONS = DEBUG;
				SWIFT_OPTIMIZATION_LEVEL = "-Onone";
			};
			name = Debug;
		};
		ADD3540921CC7BC200C6BF35 /* Release */ = {
			isa = XCBuildConfiguration;
			buildSettings = {
				ALWAYS_SEARCH_USER_PATHS = NO;
				CLANG_ANALYZER_NONNULL = YES;
				CLANG_ANALYZER_NUMBER_OBJECT_CONVERSION = YES_AGGRESSIVE;
				CLANG_CXX_LANGUAGE_STANDARD = "gnu++14";
				CLANG_CXX_LIBRARY = "libc++";
				CLANG_ENABLE_MODULES = YES;
				CLANG_ENABLE_OBJC_ARC = YES;
				CLANG_ENABLE_OBJC_WEAK = YES;
				CLANG_WARN_BLOCK_CAPTURE_AUTORELEASING = YES;
				CLANG_WARN_BOOL_CONVERSION = YES;
				CLANG_WARN_COMMA = YES;
				CLANG_WARN_CONSTANT_CONVERSION = YES;
				CLANG_WARN_DEPRECATED_OBJC_IMPLEMENTATIONS = YES;
				CLANG_WARN_DIRECT_OBJC_ISA_USAGE = YES_ERROR;
				CLANG_WARN_DOCUMENTATION_COMMENTS = YES;
				CLANG_WARN_EMPTY_BODY = YES;
				CLANG_WARN_ENUM_CONVERSION = YES;
				CLANG_WARN_INFINITE_RECURSION = YES;
				CLANG_WARN_INT_CONVERSION = YES;
				CLANG_WARN_NON_LITERAL_NULL_CONVERSION = YES;
				CLANG_WARN_OBJC_IMPLICIT_RETAIN_SELF = YES;
				CLANG_WARN_OBJC_LITERAL_CONVERSION = YES;
				CLANG_WARN_OBJC_ROOT_CLASS = YES_ERROR;
				CLANG_WARN_RANGE_LOOP_ANALYSIS = YES;
				CLANG_WARN_STRICT_PROTOTYPES = YES;
				CLANG_WARN_SUSPICIOUS_MOVE = YES;
				CLANG_WARN_UNGUARDED_AVAILABILITY = YES_AGGRESSIVE;
				CLANG_WARN_UNREACHABLE_CODE = YES;
				CLANG_WARN__DUPLICATE_METHOD_MATCH = YES;
				CODE_SIGN_IDENTITY = "iPhone Developer";
				COPY_PHASE_STRIP = NO;
				DEBUG_INFORMATION_FORMAT = "dwarf-with-dsym";
				ENABLE_NS_ASSERTIONS = NO;
				ENABLE_STRICT_OBJC_MSGSEND = YES;
				GCC_C_LANGUAGE_STANDARD = gnu11;
				GCC_NO_COMMON_BLOCKS = YES;
				GCC_WARN_64_TO_32_BIT_CONVERSION = YES;
				GCC_WARN_ABOUT_RETURN_TYPE = YES_ERROR;
				GCC_WARN_UNDECLARED_SELECTOR = YES;
				GCC_WARN_UNINITIALIZED_AUTOS = YES_AGGRESSIVE;
				GCC_WARN_UNUSED_FUNCTION = YES;
				GCC_WARN_UNUSED_VARIABLE = YES;
				IPHONEOS_DEPLOYMENT_TARGET = 12.1;
				MTL_ENABLE_DEBUG_INFO = NO;
				MTL_FAST_MATH = YES;
				SDKROOT = iphoneos;
				SWIFT_COMPILATION_MODE = wholemodule;
				SWIFT_OPTIMIZATION_LEVEL = "-O";
				VALIDATE_PRODUCT = YES;
			};
			name = Release;
		};
		ADD3540B21CC7BC200C6BF35 /* Debug */ = {
			isa = XCBuildConfiguration;
			buildSettings = {
				ASSETCATALOG_COMPILER_APPICON_NAME = AppIcon;
				CODE_SIGN_STYLE = Automatic;
				DEVELOPMENT_TEAM = 97HBSL4N46;
				INFOPLIST_FILE = split/Info.plist;
				LD_RUNPATH_SEARCH_PATHS = (
					"$(inherited)",
					"@executable_path/Frameworks",
				);
				PRODUCT_BUNDLE_IDENTIFIER = new.split;
				PRODUCT_NAME = "$(TARGET_NAME)";
				SWIFT_VERSION = 4.2;
				TARGETED_DEVICE_FAMILY = "1,2";
			};
			name = Debug;
		};
		ADD3540C21CC7BC200C6BF35 /* Release */ = {
			isa = XCBuildConfiguration;
			buildSettings = {
				ASSETCATALOG_COMPILER_APPICON_NAME = AppIcon;
				CODE_SIGN_STYLE = Automatic;
				DEVELOPMENT_TEAM = 97HBSL4N46;
				INFOPLIST_FILE = split/Info.plist;
				LD_RUNPATH_SEARCH_PATHS = (
					"$(inherited)",
					"@executable_path/Frameworks",
				);
				PRODUCT_BUNDLE_IDENTIFIER = new.split;
				PRODUCT_NAME = "$(TARGET_NAME)";
				SWIFT_VERSION = 4.2;
				TARGETED_DEVICE_FAMILY = "1,2";
			};
			name = Release;
		};
/* End XCBuildConfiguration section */

/* Begin XCConfigurationList section */
		ADD353F121CC7BC100C6BF35 /* Build configuration list for PBXProject "split" */ = {
			isa = XCConfigurationList;
			buildConfigurations = (
				ADD3540821CC7BC200C6BF35 /* Debug */,
				ADD3540921CC7BC200C6BF35 /* Release */,
			);
			defaultConfigurationIsVisible = 0;
			defaultConfigurationName = Release;
		};
		ADD3540A21CC7BC200C6BF35 /* Build configuration list for PBXNativeTarget "split" */ = {
			isa = XCConfigurationList;
			buildConfigurations = (
				ADD3540B21CC7BC200C6BF35 /* Debug */,
				ADD3540C21CC7BC200C6BF35 /* Release */,
			);
			defaultConfigurationIsVisible = 0;
			defaultConfigurationName = Release;
		};
/* End XCConfigurationList section */
	};
	rootObject = ADD353EE21CC7BC100C6BF35 /* Project object */;
}
